
Microsoft Visual Studio Solution File, Format Version 12.00
# Visual Studio Version 16
VisualStudioVersion = 16.0.32413.511
MinimumVisualStudioVersion = 10.0.40219.1
Project("{2150E333-8FDC-42A3-9474-1A3956D46DE8}") = "Services", "Services", "{5B0E56A5-4808-4C36-ADB4-5082A39C077E}"
EndProject
Project("{2150E333-8FDC-42A3-9474-1A3956D46DE8}") = "WebApps", "WebApps", "{21411768-72AF-455D-B8AB-362DA638B711}"
EndProject
Project("{2150E333-8FDC-42A3-9474-1A3956D46DE8}") = "Cadastro", "Cadastro", "{6774D858-B7A0-4E87-9EAC-04550BC1A6C6}"
EndProject
Project("{2150E333-8FDC-42A3-9474-1A3956D46DE8}") = "Catalogo", "Catalogo", "{86985EC9-CC43-48BD-A3A8-141B5A4FDE73}"
EndProject
Project("{2150E333-8FDC-42A3-9474-1A3956D46DE8}") = "Core", "Core", "{379A6A62-10D3-412B-AC79-DA43090BB5FA}"
EndProject
Project("{2150E333-8FDC-42A3-9474-1A3956D46DE8}") = "Fiscal", "Fiscal", "{8ABC30DE-EA83-4674-A509-5CEA0F50FB6F}"
EndProject
Project("{2150E333-8FDC-42A3-9474-1A3956D46DE8}") = "Pagamentos", "Pagamentos", "{4AAFBEEA-3112-4D71-BB8E-9F717B42F3E5}"
EndProject
Project("{2150E333-8FDC-42A3-9474-1A3956D46DE8}") = "Vendas", "Vendas", "{BC63DCD6-2C22-43FB-8377-A895E26D41DE}"
EndProject
Project("{9A19103F-16F7-4668-BE54-9A1E7A4F7556}") = "NerdStore.Catalogo.Domain", "src\NerdStore.Catalogo.Domain\NerdStore.Catalogo.Domain.csproj", "{E004B694-1536-4292-A131-1A5F7A73FB9B}"
EndProject
Project("{9A19103F-16F7-4668-BE54-9A1E7A4F7556}") = "NerdStore.Core", "src\NerdStore.Core\NerdStore.Core.csproj", "{4A1259EC-2EB4-45AD-AFFD-7F7B97E2E80F}"
EndProject
Project("{2150E333-8FDC-42A3-9474-1A3956D46DE8}") = "Tests", "Tests", "{10389570-FA41-4011-A9B4-C87627BD916D}"
EndProject
Project("{9A19103F-16F7-4668-BE54-9A1E7A4F7556}") = "NerdStore.Catalogo.Domain.Tests", "tests\NerdStore.Catalogo.Domain.Tests\NerdStore.Catalogo.Domain.Tests.csproj", "{0369369E-CB35-4738-B7E1-94295352F030}"
EndProject
Project("{9A19103F-16F7-4668-BE54-9A1E7A4F7556}") = "NerdStore.Catalogo.Data", "src\NerdStore.Catalogo.Data\NerdStore.Catalogo.Data.csproj", "{2A9E3C9B-B06A-4654-98DE-A388D136C756}"
EndProject
Project("{9A19103F-16F7-4668-BE54-9A1E7A4F7556}") = "NerdStore.Catalogo.Application", "src\NerdStore.Catalogo.Application\NerdStore.Catalogo.Application.csproj", "{F58A15DC-C9D3-49D3-833B-8967C2FE672A}"
EndProject
Project("{9A19103F-16F7-4668-BE54-9A1E7A4F7556}") = "NerdStore.WebApp.MVC", "src\NerdStore.WebApp.MVC\NerdStore.WebApp.MVC.csproj", "{43D43C07-4493-4ACE-85B6-816C4C9A5145}"
EndProject
Project("{9A19103F-16F7-4668-BE54-9A1E7A4F7556}") = "NerdStore.Vendas.Domain", "src\NerdStore.Vendas.Domain\NerdStore.Vendas.Domain.csproj", "{4B56633E-769B-418E-81B3-96760AB74A8A}"
EndProject
Project("{9A19103F-16F7-4668-BE54-9A1E7A4F7556}") = "NerdStore.Vendas.Application", "src\NerdStore.Vendas.Application\NerdStore.Vendas.Application.csproj", "{57E1E93B-FCCB-4593-990C-168A67B98422}"
EndProject
Project("{9A19103F-16F7-4668-BE54-9A1E7A4F7556}") = "NerdStore.Vendas.Data", "src\NerdStore.Vendas.Data\NerdStore.Vendas.Data.csproj", "{688E94FA-364E-4AE5-A38A-2B85DBE8CA7E}"
EndProject
Project("{FAE04EC0-301F-11D3-BF4B-00C04F79EFBC}") = "NerdStore.Pagamentos.AntiCorruption", "src\NerdStore.Pagamentos.AntiCorruption\NerdStore.Pagamentos.AntiCorruption.csproj", "{EE47EA8F-2BD2-4414-973F-76C4EC6B3CE3}"
EndProject
Project("{FAE04EC0-301F-11D3-BF4B-00C04F79EFBC}") = "NerdStore.Pagamentos.Business", "src\NerdStore.Pagamentos.Business\NerdStore.Pagamentos.Business.csproj", "{A1B868E7-F799-4F15-9AF5-1BD3EC861F54}"
EndProject
Project("{FAE04EC0-301F-11D3-BF4B-00C04F79EFBC}") = "NerdStore.Pagamentos.Data", "src\NerdStore.Pagamentos.Data\NerdStore.Pagamentos.Data.csproj", "{D9AC54A1-EA08-42F5-B3F6-CDD938FF3F36}"
EndProject
Global
	GlobalSection(SolutionConfigurationPlatforms) = preSolution
		Debug|Any CPU = Debug|Any CPU
		Release|Any CPU = Release|Any CPU
	EndGlobalSection
	GlobalSection(ProjectConfigurationPlatforms) = postSolution
		{E004B694-1536-4292-A131-1A5F7A73FB9B}.Debug|Any CPU.ActiveCfg = Debug|Any CPU
		{E004B694-1536-4292-A131-1A5F7A73FB9B}.Debug|Any CPU.Build.0 = Debug|Any CPU
		{E004B694-1536-4292-A131-1A5F7A73FB9B}.Release|Any CPU.ActiveCfg = Release|Any CPU
		{E004B694-1536-4292-A131-1A5F7A73FB9B}.Release|Any CPU.Build.0 = Release|Any CPU
		{4A1259EC-2EB4-45AD-AFFD-7F7B97E2E80F}.Debug|Any CPU.ActiveCfg = Debug|Any CPU
		{4A1259EC-2EB4-45AD-AFFD-7F7B97E2E80F}.Debug|Any CPU.Build.0 = Debug|Any CPU
		{4A1259EC-2EB4-45AD-AFFD-7F7B97E2E80F}.Release|Any CPU.ActiveCfg = Release|Any CPU
		{4A1259EC-2EB4-45AD-AFFD-7F7B97E2E80F}.Release|Any CPU.Build.0 = Release|Any CPU
		{0369369E-CB35-4738-B7E1-94295352F030}.Debug|Any CPU.ActiveCfg = Debug|Any CPU
		{0369369E-CB35-4738-B7E1-94295352F030}.Debug|Any CPU.Build.0 = Debug|Any CPU
		{0369369E-CB35-4738-B7E1-94295352F030}.Release|Any CPU.ActiveCfg = Release|Any CPU
		{0369369E-CB35-4738-B7E1-94295352F030}.Release|Any CPU.Build.0 = Release|Any CPU
		{2A9E3C9B-B06A-4654-98DE-A388D136C756}.Debug|Any CPU.ActiveCfg = Debug|Any CPU
		{2A9E3C9B-B06A-4654-98DE-A388D136C756}.Debug|Any CPU.Build.0 = Debug|Any CPU
		{2A9E3C9B-B06A-4654-98DE-A388D136C756}.Release|Any CPU.ActiveCfg = Release|Any CPU
		{2A9E3C9B-B06A-4654-98DE-A388D136C756}.Release|Any CPU.Build.0 = Release|Any CPU
		{F58A15DC-C9D3-49D3-833B-8967C2FE672A}.Debug|Any CPU.ActiveCfg = Debug|Any CPU
		{F58A15DC-C9D3-49D3-833B-8967C2FE672A}.Debug|Any CPU.Build.0 = Debug|Any CPU
		{F58A15DC-C9D3-49D3-833B-8967C2FE672A}.Release|Any CPU.ActiveCfg = Release|Any CPU
		{F58A15DC-C9D3-49D3-833B-8967C2FE672A}.Release|Any CPU.Build.0 = Release|Any CPU
		{43D43C07-4493-4ACE-85B6-816C4C9A5145}.Debug|Any CPU.ActiveCfg = Debug|Any CPU
		{43D43C07-4493-4ACE-85B6-816C4C9A5145}.Debug|Any CPU.Build.0 = Debug|Any CPU
		{43D43C07-4493-4ACE-85B6-816C4C9A5145}.Release|Any CPU.ActiveCfg = Release|Any CPU
		{43D43C07-4493-4ACE-85B6-816C4C9A5145}.Release|Any CPU.Build.0 = Release|Any CPU
		{4B56633E-769B-418E-81B3-96760AB74A8A}.Debug|Any CPU.ActiveCfg = Debug|Any CPU
		{4B56633E-769B-418E-81B3-96760AB74A8A}.Debug|Any CPU.Build.0 = Debug|Any CPU
		{4B56633E-769B-418E-81B3-96760AB74A8A}.Release|Any CPU.ActiveCfg = Release|Any CPU
		{4B56633E-769B-418E-81B3-96760AB74A8A}.Release|Any CPU.Build.0 = Release|Any CPU
		{57E1E93B-FCCB-4593-990C-168A67B98422}.Debug|Any CPU.ActiveCfg = Debug|Any CPU
		{57E1E93B-FCCB-4593-990C-168A67B98422}.Debug|Any CPU.Build.0 = Debug|Any CPU
		{57E1E93B-FCCB-4593-990C-168A67B98422}.Release|Any CPU.ActiveCfg = Release|Any CPU
		{57E1E93B-FCCB-4593-990C-168A67B98422}.Release|Any CPU.Build.0 = Release|Any CPU
		{688E94FA-364E-4AE5-A38A-2B85DBE8CA7E}.Debug|Any CPU.ActiveCfg = Debug|Any CPU
		{688E94FA-364E-4AE5-A38A-2B85DBE8CA7E}.Debug|Any CPU.Build.0 = Debug|Any CPU
		{688E94FA-364E-4AE5-A38A-2B85DBE8CA7E}.Release|Any CPU.ActiveCfg = Release|Any CPU
		{688E94FA-364E-4AE5-A38A-2B85DBE8CA7E}.Release|Any CPU.Build.0 = Release|Any CPU
		{EE47EA8F-2BD2-4414-973F-76C4EC6B3CE3}.Debug|Any CPU.ActiveCfg = Debug|Any CPU
		{EE47EA8F-2BD2-4414-973F-76C4EC6B3CE3}.Debug|Any CPU.Build.0 = Debug|Any CPU
		{EE47EA8F-2BD2-4414-973F-76C4EC6B3CE3}.Release|Any CPU.ActiveCfg = Release|Any CPU
		{EE47EA8F-2BD2-4414-973F-76C4EC6B3CE3}.Release|Any CPU.Build.0 = Release|Any CPU
		{A1B868E7-F799-4F15-9AF5-1BD3EC861F54}.Debug|Any CPU.ActiveCfg = Debug|Any CPU
		{A1B868E7-F799-4F15-9AF5-1BD3EC861F54}.Debug|Any CPU.Build.0 = Debug|Any CPU
		{A1B868E7-F799-4F15-9AF5-1BD3EC861F54}.Release|Any CPU.ActiveCfg = Release|Any CPU
		{A1B868E7-F799-4F15-9AF5-1BD3EC861F54}.Release|Any CPU.Build.0 = Release|Any CPU
		{D9AC54A1-EA08-42F5-B3F6-CDD938FF3F36}.Debug|Any CPU.ActiveCfg = Debug|Any CPU
		{D9AC54A1-EA08-42F5-B3F6-CDD938FF3F36}.Debug|Any CPU.Build.0 = Debug|Any CPU
		{D9AC54A1-EA08-42F5-B3F6-CDD938FF3F36}.Release|Any CPU.ActiveCfg = Release|Any CPU
		{D9AC54A1-EA08-42F5-B3F6-CDD938FF3F36}.Release|Any CPU.Build.0 = Release|Any CPU
	EndGlobalSection
	GlobalSection(SolutionProperties) = preSolution
		HideSolutionNode = FALSE
	EndGlobalSection
	GlobalSection(NestedProjects) = preSolution
		{6774D858-B7A0-4E87-9EAC-04550BC1A6C6} = {5B0E56A5-4808-4C36-ADB4-5082A39C077E}
		{86985EC9-CC43-48BD-A3A8-141B5A4FDE73} = {5B0E56A5-4808-4C36-ADB4-5082A39C077E}
		{379A6A62-10D3-412B-AC79-DA43090BB5FA} = {5B0E56A5-4808-4C36-ADB4-5082A39C077E}
		{8ABC30DE-EA83-4674-A509-5CEA0F50FB6F} = {5B0E56A5-4808-4C36-ADB4-5082A39C077E}
		{4AAFBEEA-3112-4D71-BB8E-9F717B42F3E5} = {5B0E56A5-4808-4C36-ADB4-5082A39C077E}
		{BC63DCD6-2C22-43FB-8377-A895E26D41DE} = {5B0E56A5-4808-4C36-ADB4-5082A39C077E}
		{E004B694-1536-4292-A131-1A5F7A73FB9B} = {86985EC9-CC43-48BD-A3A8-141B5A4FDE73}
		{4A1259EC-2EB4-45AD-AFFD-7F7B97E2E80F} = {379A6A62-10D3-412B-AC79-DA43090BB5FA}
		{10389570-FA41-4011-A9B4-C87627BD916D} = {86985EC9-CC43-48BD-A3A8-141B5A4FDE73}
		{0369369E-CB35-4738-B7E1-94295352F030} = {10389570-FA41-4011-A9B4-C87627BD916D}
		{2A9E3C9B-B06A-4654-98DE-A388D136C756} = {86985EC9-CC43-48BD-A3A8-141B5A4FDE73}
		{F58A15DC-C9D3-49D3-833B-8967C2FE672A} = {86985EC9-CC43-48BD-A3A8-141B5A4FDE73}
		{43D43C07-4493-4ACE-85B6-816C4C9A5145} = {21411768-72AF-455D-B8AB-362DA638B711}
		{4B56633E-769B-418E-81B3-96760AB74A8A} = {BC63DCD6-2C22-43FB-8377-A895E26D41DE}
		{57E1E93B-FCCB-4593-990C-168A67B98422} = {BC63DCD6-2C22-43FB-8377-A895E26D41DE}
		{688E94FA-364E-4AE5-A38A-2B85DBE8CA7E} = {BC63DCD6-2C22-43FB-8377-A895E26D41DE}
		{EE47EA8F-2BD2-4414-973F-76C4EC6B3CE3} = {4AAFBEEA-3112-4D71-BB8E-9F717B42F3E5}
		{A1B868E7-F799-4F15-9AF5-1BD3EC861F54} = {4AAFBEEA-3112-4D71-BB8E-9F717B42F3E5}
		{D9AC54A1-EA08-42F5-B3F6-CDD938FF3F36} = {4AAFBEEA-3112-4D71-BB8E-9F717B42F3E5}
	EndGlobalSection
	GlobalSection(ExtensibilityGlobals) = postSolution
		SolutionGuid = {B375F749-69A2-44A8-BCE5-61B8B7678C37}
	EndGlobalSection
EndGlobal
